// !$*UTF8*$!
{
	archiveVersion = 1;
	classes = {
	};
	objectVersion = 55;
	objects = {

/* Begin PBXBuildFile section */
		76B666B8F5F168996BBDD775 /* Pods_TODOArt_CoreData.framework in Frameworks */ = {isa = PBXBuildFile; fileRef = C5EAF88AE7196DF7EC069CA5 /* Pods_TODOArt_CoreData.framework */; };
		DD84001428C690320023C9E7 /* DataModel.xcdatamodeld in Sources */ = {isa = PBXBuildFile; fileRef = DD84001228C690320023C9E7 /* DataModel.xcdatamodeld */; };
		DD84001628C6913A0023C9E7 /* TodoListViewController.swift in Sources */ = {isa = PBXBuildFile; fileRef = DD84001528C6913A0023C9E7 /* TodoListViewController.swift */; };
		DDE2753528C7B7E30070CCC3 /* SwipeTableViewController.swift in Sources */ = {isa = PBXBuildFile; fileRef = DDE2753428C7B7E30070CCC3 /* SwipeTableViewController.swift */; };
		DDFC26FF28C68C270018092A /* AppDelegate.swift in Sources */ = {isa = PBXBuildFile; fileRef = DDFC26FE28C68C270018092A /* AppDelegate.swift */; };
		DDFC270128C68C270018092A /* SceneDelegate.swift in Sources */ = {isa = PBXBuildFile; fileRef = DDFC270028C68C270018092A /* SceneDelegate.swift */; };
		DDFC270328C68C270018092A /* CategoryViewController.swift in Sources */ = {isa = PBXBuildFile; fileRef = DDFC270228C68C270018092A /* CategoryViewController.swift */; };
		DDFC270628C68C270018092A /* Main.storyboard in Resources */ = {isa = PBXBuildFile; fileRef = DDFC270428C68C270018092A /* Main.storyboard */; };
		DDFC270928C68C270018092A /* TODOArt_CoreData.xcdatamodeld in Sources */ = {isa = PBXBuildFile; fileRef = DDFC270728C68C270018092A /* TODOArt_CoreData.xcdatamodeld */; };
		DDFC270B28C68C2B0018092A /* Assets.xcassets in Resources */ = {isa = PBXBuildFile; fileRef = DDFC270A28C68C2B0018092A /* Assets.xcassets */; };
		DDFC270E28C68C2B0018092A /* LaunchScreen.storyboard in Resources */ = {isa = PBXBuildFile; fileRef = DDFC270C28C68C2B0018092A /* LaunchScreen.storyboard */; };
/* End PBXBuildFile section */

/* Begin PBXFileReference section */
		44C85BEE0ADF9D4E5F1A99A6 /* Pods-TODOArt-CoreData.release.xcconfig */ = {isa = PBXFileReference; includeInIndex = 1; lastKnownFileType = text.xcconfig; name = "Pods-TODOArt-CoreData.release.xcconfig"; path = "Target Support Files/Pods-TODOArt-CoreData/Pods-TODOArt-CoreData.release.xcconfig"; sourceTree = "<group>"; };
		C5EAF88AE7196DF7EC069CA5 /* Pods_TODOArt_CoreData.framework */ = {isa = PBXFileReference; explicitFileType = wrapper.framework; includeInIndex = 0; path = Pods_TODOArt_CoreData.framework; sourceTree = BUILT_PRODUCTS_DIR; };
		CDC5F5A9F770228D6286BF75 /* Pods-TODOArt-CoreData.debug.xcconfig */ = {isa = PBXFileReference; includeInIndex = 1; lastKnownFileType = text.xcconfig; name = "Pods-TODOArt-CoreData.debug.xcconfig"; path = "Target Support Files/Pods-TODOArt-CoreData/Pods-TODOArt-CoreData.debug.xcconfig"; sourceTree = "<group>"; };
		DD84001328C690320023C9E7 /* DataModel.xcdatamodel */ = {isa = PBXFileReference; lastKnownFileType = wrapper.xcdatamodel; path = DataModel.xcdatamodel; sourceTree = "<group>"; };
		DD84001528C6913A0023C9E7 /* TodoListViewController.swift */ = {isa = PBXFileReference; lastKnownFileType = sourcecode.swift; path = TodoListViewController.swift; sourceTree = "<group>"; };
		DDE2753428C7B7E30070CCC3 /* SwipeTableViewController.swift */ = {isa = PBXFileReference; lastKnownFileType = sourcecode.swift; path = SwipeTableViewController.swift; sourceTree = "<group>"; };
		DDFC26FB28C68C270018092A /* TODOArt-CoreData.app */ = {isa = PBXFileReference; explicitFileType = wrapper.application; includeInIndex = 0; path = "TODOArt-CoreData.app"; sourceTree = BUILT_PRODUCTS_DIR; };
		DDFC26FE28C68C270018092A /* AppDelegate.swift */ = {isa = PBXFileReference; lastKnownFileType = sourcecode.swift; path = AppDelegate.swift; sourceTree = "<group>"; };
		DDFC270028C68C270018092A /* SceneDelegate.swift */ = {isa = PBXFileReference; lastKnownFileType = sourcecode.swift; path = SceneDelegate.swift; sourceTree = "<group>"; };
		DDFC270228C68C270018092A /* CategoryViewController.swift */ = {isa = PBXFileReference; lastKnownFileType = sourcecode.swift; path = CategoryViewController.swift; sourceTree = "<group>"; };
		DDFC270528C68C270018092A /* Base */ = {isa = PBXFileReference; lastKnownFileType = file.storyboard; name = Base; path = Base.lproj/Main.storyboard; sourceTree = "<group>"; };
		DDFC270828C68C270018092A /* TODOArt_CoreData.xcdatamodel */ = {isa = PBXFileReference; lastKnownFileType = wrapper.xcdatamodel; path = TODOArt_CoreData.xcdatamodel; sourceTree = "<group>"; };
		DDFC270A28C68C2B0018092A /* Assets.xcassets */ = {isa = PBXFileReference; lastKnownFileType = folder.assetcatalog; path = Assets.xcassets; sourceTree = "<group>"; };
		DDFC270D28C68C2B0018092A /* Base */ = {isa = PBXFileReference; lastKnownFileType = file.storyboard; name = Base; path = Base.lproj/LaunchScreen.storyboard; sourceTree = "<group>"; };
		DDFC270F28C68C2B0018092A /* Info.plist */ = {isa = PBXFileReference; lastKnownFileType = text.plist.xml; path = Info.plist; sourceTree = "<group>"; };
/* End PBXFileReference section */

/* Begin PBXFrameworksBuildPhase section */
		DDFC26F828C68C270018092A /* Frameworks */ = {
			isa = PBXFrameworksBuildPhase;
			buildActionMask = 2147483647;
			files = (
				76B666B8F5F168996BBDD775 /* Pods_TODOArt_CoreData.framework in Frameworks */,
			);
			runOnlyForDeploymentPostprocessing = 0;
		};
/* End PBXFrameworksBuildPhase section */

/* Begin PBXGroup section */
		3216036BCA5572B9EE204DAF /* Frameworks */ = {
			isa = PBXGroup;
			children = (
				C5EAF88AE7196DF7EC069CA5 /* Pods_TODOArt_CoreData.framework */,
			);
			name = Frameworks;
			sourceTree = "<group>";
		};
		D6B5092A99FDFB8FCB5EA293 /* Pods */ = {
			isa = PBXGroup;
			children = (
				CDC5F5A9F770228D6286BF75 /* Pods-TODOArt-CoreData.debug.xcconfig */,
				44C85BEE0ADF9D4E5F1A99A6 /* Pods-TODOArt-CoreData.release.xcconfig */,
			);
			path = Pods;
			sourceTree = "<group>";
		};
		DD84000F28C68FC20023C9E7 /* Data Model */ = {
			isa = PBXGroup;
			children = (
				DD84001228C690320023C9E7 /* DataModel.xcdatamodeld */,
			);
			path = "Data Model";
			sourceTree = "<group>";
		};
		DD84001028C68FD90023C9E7 /* Controllers */ = {
			isa = PBXGroup;
			children = (
				DDFC270228C68C270018092A /* CategoryViewController.swift */,
				DD84001528C6913A0023C9E7 /* TodoListViewController.swift */,
				DDE2753428C7B7E30070CCC3 /* SwipeTableViewController.swift */,
			);
			path = Controllers;
			sourceTree = "<group>";
		};
		DD84001128C68FFB0023C9E7 /* Views */ = {
			isa = PBXGroup;
			children = (
				DDFC270428C68C270018092A /* Main.storyboard */,
			);
			path = Views;
			sourceTree = "<group>";
		};
		DDFC26F228C68C270018092A = {
			isa = PBXGroup;
			children = (
				DDFC26FD28C68C270018092A /* TODOArt-CoreData */,
				DDFC26FC28C68C270018092A /* Products */,
				D6B5092A99FDFB8FCB5EA293 /* Pods */,
				3216036BCA5572B9EE204DAF /* Frameworks */,
			);
			sourceTree = "<group>";
		};
		DDFC26FC28C68C270018092A /* Products */ = {
			isa = PBXGroup;
			children = (
				DDFC26FB28C68C270018092A /* TODOArt-CoreData.app */,
			);
			name = Products;
			sourceTree = "<group>";
		};
		DDFC26FD28C68C270018092A /* TODOArt-CoreData */ = {
			isa = PBXGroup;
			children = (
				DDFC26FE28C68C270018092A /* AppDelegate.swift */,
				DDFC270028C68C270018092A /* SceneDelegate.swift */,
				DD84001028C68FD90023C9E7 /* Controllers */,
				DD84000F28C68FC20023C9E7 /* Data Model */,
				DDFC270A28C68C2B0018092A /* Assets.xcassets */,
				DD84001128C68FFB0023C9E7 /* Views */,
				DDFC270C28C68C2B0018092A /* LaunchScreen.storyboard */,
				DDFC270F28C68C2B0018092A /* Info.plist */,
				DDFC270728C68C270018092A /* TODOArt_CoreData.xcdatamodeld */,
			);
			path = "TODOArt-CoreData";
			sourceTree = "<group>";
		};
/* End PBXGroup section */

/* Begin PBXNativeTarget section */
		DDFC26FA28C68C270018092A /* TODOArt-CoreData */ = {
			isa = PBXNativeTarget;
			buildConfigurationList = DDFC271228C68C2B0018092A /* Build configuration list for PBXNativeTarget "TODOArt-CoreData" */;
			buildPhases = (
				AC7394EFF5CDC7F1ADA1EF6E /* [CP] Check Pods Manifest.lock */,
				DDFC26F728C68C270018092A /* Sources */,
				DDFC26F828C68C270018092A /* Frameworks */,
				DDFC26F928C68C270018092A /* Resources */,
				2896BE215E7AC7BDE6412A6F /* [CP] Embed Pods Frameworks */,
			);
			buildRules = (
			);
			dependencies = (
			);
			name = "TODOArt-CoreData";
			productName = "TODOArt-CoreData";
			productReference = DDFC26FB28C68C270018092A /* TODOArt-CoreData.app */;
			productType = "com.apple.product-type.application";
		};
/* End PBXNativeTarget section */

/* Begin PBXProject section */
		DDFC26F328C68C270018092A /* Project object */ = {
			isa = PBXProject;
			attributes = {
				BuildIndependentTargetsInParallel = 1;
				LastSwiftUpdateCheck = 1330;
				LastUpgradeCheck = 1330;
				TargetAttributes = {
					DDFC26FA28C68C270018092A = {
						CreatedOnToolsVersion = 13.3;
					};
				};
			};
			buildConfigurationList = DDFC26F628C68C270018092A /* Build configuration list for PBXProject "TODOArt-CoreData" */;
			compatibilityVersion = "Xcode 13.0";
			developmentRegion = en;
			hasScannedForEncodings = 0;
			knownRegions = (
				en,
				Base,
			);
			mainGroup = DDFC26F228C68C270018092A;
			productRefGroup = DDFC26FC28C68C270018092A /* Products */;
			projectDirPath = "";
			projectRoot = "";
			targets = (
				DDFC26FA28C68C270018092A /* TODOArt-CoreData */,
			);
		};
/* End PBXProject section */

/* Begin PBXResourcesBuildPhase section */
		DDFC26F928C68C270018092A /* Resources */ = {
			isa = PBXResourcesBuildPhase;
			buildActionMask = 2147483647;
			files = (
				DDFC270E28C68C2B0018092A /* LaunchScreen.storyboard in Resources */,
				DDFC270B28C68C2B0018092A /* Assets.xcassets in Resources */,
				DDFC270628C68C270018092A /* Main.storyboard in Resources */,
			);
			runOnlyForDeploymentPostprocessing = 0;
		};
/* End PBXResourcesBuildPhase section */

/* Begin PBXShellScriptBuildPhase section */
		2896BE215E7AC7BDE6412A6F /* [CP] Embed Pods Frameworks */ = {
			isa = PBXShellScriptBuildPhase;
			buildActionMask = 2147483647;
			files = (
			);
			inputFileListPaths = (
				"${PODS_ROOT}/Target Support Files/Pods-TODOArt-CoreData/Pods-TODOArt-CoreData-frameworks-${CONFIGURATION}-input-files.xcfilelist",
			);
			name = "[CP] Embed Pods Frameworks";
			outputFileListPaths = (
				"${PODS_ROOT}/Target Support Files/Pods-TODOArt-CoreData/Pods-TODOArt-CoreData-frameworks-${CONFIGURATION}-output-files.xcfilelist",
			);
			runOnlyForDeploymentPostprocessing = 0;
			shellPath = /bin/sh;
			shellScript = "\"${PODS_ROOT}/Target Support Files/Pods-TODOArt-CoreData/Pods-TODOArt-CoreData-frameworks.sh\"\n";
			showEnvVarsInLog = 0;
		};
		AC7394EFF5CDC7F1ADA1EF6E /* [CP] Check Pods Manifest.lock */ = {
			isa = PBXShellScriptBuildPhase;
			buildActionMask = 2147483647;
			files = (
			);
			inputFileListPaths = (
			);
			inputPaths = (
				"${PODS_PODFILE_DIR_PATH}/Podfile.lock",
				"${PODS_ROOT}/Manifest.lock",
			);
			name = "[CP] Check Pods Manifest.lock";
			outputFileListPaths = (
			);
			outputPaths = (
				"$(DERIVED_FILE_DIR)/Pods-TODOArt-CoreData-checkManifestLockResult.txt",
			);
			runOnlyForDeploymentPostprocessing = 0;
			shellPath = /bin/sh;
			shellScript = "diff \"${PODS_PODFILE_DIR_PATH}/Podfile.lock\" \"${PODS_ROOT}/Manifest.lock\" > /dev/null\nif [ $? != 0 ] ; then\n    # print error to STDERR\n    echo \"error: The sandbox is not in sync with the Podfile.lock. Run 'pod install' or update your CocoaPods installation.\" >&2\n    exit 1\nfi\n# This output is used by Xcode 'outputs' to avoid re-running this script phase.\necho \"SUCCESS\" > \"${SCRIPT_OUTPUT_FILE_0}\"\n";
			showEnvVarsInLog = 0;
		};
/* End PBXShellScriptBuildPhase section */

/* Begin PBXSourcesBuildPhase section */
		DDFC26F728C68C270018092A /* Sources */ = {
			isa = PBXSourcesBuildPhase;
			buildActionMask = 2147483647;
			files = (
				DD84001628C6913A0023C9E7 /* TodoListViewController.swift in Sources */,
				DDFC270928C68C270018092A /* TODOArt_CoreData.xcdatamodeld in Sources */,
				DD84001428C690320023C9E7 /* DataModel.xcdatamodeld in Sources */,
				DDE2753528C7B7E30070CCC3 /* SwipeTableViewController.swift in Sources */,
				DDFC270328C68C270018092A /* CategoryViewController.swift in Sources */,
				DDFC26FF28C68C270018092A /* AppDelegate.swift in Sources */,
				DDFC270128C68C270018092A /* SceneDelegate.swift in Sources */,
			);
			runOnlyForDeploymentPostprocessing = 0;
		};
/* End PBXSourcesBuildPhase section */

/* Begin PBXVariantGroup section */
		DDFC270428C68C270018092A /* Main.storyboard */ = {
			isa = PBXVariantGroup;
			children = (
				DDFC270528C68C270018092A /* Base */,
			);
			name = Main.storyboard;
			sourceTree = "<group>";
		};
		DDFC270C28C68C2B0018092A /* LaunchScreen.storyboard */ = {
			isa = PBXVariantGroup;
			children = (
				DDFC270D28C68C2B0018092A /* Base */,
			);
			name = LaunchScreen.storyboard;
			sourceTree = "<group>";
		};
/* End PBXVariantGroup section */

/* Begin XCBuildConfiguration section */
		DDFC271028C68C2B0018092A /* Debug */ = {
			isa = XCBuildConfiguration;
			buildSettings = {
				ALWAYS_SEARCH_USER_PATHS = NO;
				CLANG_ANALYZER_NONNULL = YES;
				CLANG_ANALYZER_NUMBER_OBJECT_CONVERSION = YES_AGGRESSIVE;
				CLANG_CXX_LANGUAGE_STANDARD = "gnu++17";
				CLANG_ENABLE_MODULES = YES;
				CLANG_ENABLE_OBJC_ARC = YES;
				CLANG_ENABLE_OBJC_WEAK = YES;
				CLANG_WARN_BLOCK_CAPTURE_AUTORELEASING = YES;
				CLANG_WARN_BOOL_CONVERSION = YES;
				CLANG_WARN_COMMA = YES;
				CLANG_WARN_CONSTANT_CONVERSION = YES;
				CLANG_WARN_DEPRECATED_OBJC_IMPLEMENTATIONS = YES;
				CLANG_WARN_DIRECT_OBJC_ISA_USAGE = YES_ERROR;
				CLANG_WARN_DOCUMENTATION_COMMENTS = YES;
				CLANG_WARN_EMPTY_BODY = YES;
				CLANG_WARN_ENUM_CONVERSION = YES;
				CLANG_WARN_INFINITE_RECURSION = YES;
				CLANG_WARN_INT_CONVERSION = YES;
				CLANG_WARN_NON_LITERAL_NULL_CONVERSION = YES;
				CLANG_WARN_OBJC_IMPLICIT_RETAIN_SELF = YES;
				CLANG_WARN_OBJC_LITERAL_CONVERSION = YES;
				CLANG_WARN_OBJC_ROOT_CLASS = YES_ERROR;
				CLANG_WARN_QUOTED_INCLUDE_IN_FRAMEWORK_HEADER = YES;
				CLANG_WARN_RANGE_LOOP_ANALYSIS = YES;
				CLANG_WARN_STRICT_PROTOTYPES = YES;
				CLANG_WARN_SUSPICIOUS_MOVE = YES;
				CLANG_WARN_UNGUARDED_AVAILABILITY = YES_AGGRESSIVE;
				CLANG_WARN_UNREACHABLE_CODE = YES;
				CLANG_WARN__DUPLICATE_METHOD_MATCH = YES;
				COPY_PHASE_STRIP = NO;
				DEBUG_INFORMATION_FORMAT = dwarf;
				ENABLE_STRICT_OBJC_MSGSEND = YES;
				ENABLE_TESTABILITY = YES;
				GCC_C_LANGUAGE_STANDARD = gnu11;
				GCC_DYNAMIC_NO_PIC = NO;
				GCC_NO_COMMON_BLOCKS = YES;
				GCC_OPTIMIZATION_LEVEL = 0;
				GCC_PREPROCESSOR_DEFINITIONS = (
					"DEBUG=1",
					"$(inherited)",
				);
				GCC_WARN_64_TO_32_BIT_CONVERSION = YES;
				GCC_WARN_ABOUT_RETURN_TYPE = YES_ERROR;
				GCC_WARN_UNDECLARED_SELECTOR = YES;
				GCC_WARN_UNINITIALIZED_AUTOS = YES_AGGRESSIVE;
				GCC_WARN_UNUSED_FUNCTION = YES;
				GCC_WARN_UNUSED_VARIABLE = YES;
				IPHONEOS_DEPLOYMENT_TARGET = 15.4;
				MTL_ENABLE_DEBUG_INFO = INCLUDE_SOURCE;
				MTL_FAST_MATH = YES;
				ONLY_ACTIVE_ARCH = YES;
				SDKROOT = iphoneos;
				SWIFT_ACTIVE_COMPILATION_CONDITIONS = DEBUG;
				SWIFT_OPTIMIZATION_LEVEL = "-Onone";
			};
			name = Debug;
		};
		DDFC271128C68C2B0018092A /* Release */ = {
			isa = XCBuildConfiguration;
			buildSettings = {
				ALWAYS_SEARCH_USER_PATHS = NO;
				CLANG_ANALYZER_NONNULL = YES;
				CLANG_ANALYZER_NUMBER_OBJECT_CONVERSION = YES_AGGRESSIVE;
				CLANG_CXX_LANGUAGE_STANDARD = "gnu++17";
				CLANG_ENABLE_MODULES = YES;
				CLANG_ENABLE_OBJC_ARC = YES;
				CLANG_ENABLE_OBJC_WEAK = YES;
				CLANG_WARN_BLOCK_CAPTURE_AUTORELEASING = YES;
				CLANG_WARN_BOOL_CONVERSION = YES;
				CLANG_WARN_COMMA = YES;
				CLANG_WARN_CONSTANT_CONVERSION = YES;
				CLANG_WARN_DEPRECATED_OBJC_IMPLEMENTATIONS = YES;
				CLANG_WARN_DIRECT_OBJC_ISA_USAGE = YES_ERROR;
				CLANG_WARN_DOCUMENTATION_COMMENTS = YES;
				CLANG_WARN_EMPTY_BODY = YES;
				CLANG_WARN_ENUM_CONVERSION = YES;
				CLANG_WARN_INFINITE_RECURSION = YES;
				CLANG_WARN_INT_CONVERSION = YES;
				CLANG_WARN_NON_LITERAL_NULL_CONVERSION = YES;
				CLANG_WARN_OBJC_IMPLICIT_RETAIN_SELF = YES;
				CLANG_WARN_OBJC_LITERAL_CONVERSION = YES;
				CLANG_WARN_OBJC_ROOT_CLASS = YES_ERROR;
				CLANG_WARN_QUOTED_INCLUDE_IN_FRAMEWORK_HEADER = YES;
				CLANG_WARN_RANGE_LOOP_ANALYSIS = YES;
				CLANG_WARN_STRICT_PROTOTYPES = YES;
				CLANG_WARN_SUSPICIOUS_MOVE = YES;
				CLANG_WARN_UNGUARDED_AVAILABILITY = YES_AGGRESSIVE;
				CLANG_WARN_UNREACHABLE_CODE = YES;
				CLANG_WARN__DUPLICATE_METHOD_MATCH = YES;
				COPY_PHASE_STRIP = NO;
				DEBUG_INFORMATION_FORMAT = "dwarf-with-dsym";
				ENABLE_NS_ASSERTIONS = NO;
				ENABLE_STRICT_OBJC_MSGSEND = YES;
				GCC_C_LANGUAGE_STANDARD = gnu11;
				GCC_NO_COMMON_BLOCKS = YES;
				GCC_WARN_64_TO_32_BIT_CONVERSION = YES;
				GCC_WARN_ABOUT_RETURN_TYPE = YES_ERROR;
				GCC_WARN_UNDECLARED_SELECTOR = YES;
				GCC_WARN_UNINITIALIZED_AUTOS = YES_AGGRESSIVE;
				GCC_WARN_UNUSED_FUNCTION = YES;
				GCC_WARN_UNUSED_VARIABLE = YES;
				IPHONEOS_DEPLOYMENT_TARGET = 15.4;
				MTL_ENABLE_DEBUG_INFO = NO;
				MTL_FAST_MATH = YES;
				SDKROOT = iphoneos;
				SWIFT_COMPILATION_MODE = wholemodule;
				SWIFT_OPTIMIZATION_LEVEL = "-O";
				VALIDATE_PRODUCT = YES;
			};
			name = Release;
		};
		DDFC271328C68C2B0018092A /* Debug */ = {
			isa = XCBuildConfiguration;
			baseConfigurationReference = CDC5F5A9F770228D6286BF75 /* Pods-TODOArt-CoreData.debug.xcconfig */;
			buildSettings = {
				ASSETCATALOG_COMPILER_APPICON_NAME = AppIcon;
				ASSETCATALOG_COMPILER_GLOBAL_ACCENT_COLOR_NAME = AccentColor;
				CODE_SIGN_STYLE = Automatic;
				CURRENT_PROJECT_VERSION = 1;
				DEVELOPMENT_TEAM = F5T2KNU2K8;
				GENERATE_INFOPLIST_FILE = YES;
				INFOPLIST_FILE = "TODOArt-CoreData/Info.plist";
				INFOPLIST_KEY_UIApplicationSupportsIndirectInputEvents = YES;
				INFOPLIST_KEY_UILaunchStoryboardName = LaunchScreen;
				INFOPLIST_KEY_UIMainStoryboardFile = Main;
				INFOPLIST_KEY_UISupportedInterfaceOrientations_iPad = "UIInterfaceOrientationPortrait UIInterfaceOrientationPortraitUpsideDown UIInterfaceOrientationLandscapeLeft UIInterfaceOrientationLandscapeRight";
				INFOPLIST_KEY_UISupportedInterfaceOrientations_iPhone = "UIInterfaceOrientationPortrait UIInterfaceOrientationLandscapeLeft UIInterfaceOrientationLandscapeRight";
				LD_RUNPATH_SEARCH_PATHS = (
					"$(inherited)",
					"@executable_path/Frameworks",
				);
				MARKETING_VERSION = 1.0;
				PRODUCT_BUNDLE_IDENTIFIER = "com.androsenkoartem.TODOArt-CoreData";
				PRODUCT_NAME = "$(TARGET_NAME)";
				SWIFT_EMIT_LOC_STRINGS = YES;
				SWIFT_VERSION = 5.0;
				TARGETED_DEVICE_FAMILY = 1;
			};
			name = Debug;
		};
		DDFC271428C68C2B0018092A /* Release */ = {
			isa = XCBuildConfiguration;
			baseConfigurationReference = 44C85BEE0ADF9D4E5F1A99A6 /* Pods-TODOArt-CoreData.release.xcconfig */;
			buildSettings = {
				ASSETCATALOG_COMPILER_APPICON_NAME = AppIcon;
				ASSETCATALOG_COMPILER_GLOBAL_ACCENT_COLOR_NAME = AccentColor;
				CODE_SIGN_STYLE = Automatic;
				CURRENT_PROJECT_VERSION = 1;
				DEVELOPMENT_TEAM = F5T2KNU2K8;
				GENERATE_INFOPLIST_FILE = YES;
				INFOPLIST_FILE = "TODOArt-CoreData/Info.plist";
				INFOPLIST_KEY_UIApplicationSupportsIndirectInputEvents = YES;
				INFOPLIST_KEY_UILaunchStoryboardName = LaunchScreen;
				INFOPLIST_KEY_UIMainStoryboardFile = Main;
				INFOPLIST_KEY_UISupportedInterfaceOrientations_iPad = "UIInterfaceOrientationPortrait UIInterfaceOrientationPortraitUpsideDown UIInterfaceOrientationLandscapeLeft UIInterfaceOrientationLandscapeRight";
				INFOPLIST_KEY_UISupportedInterfaceOrientations_iPhone = "UIInterfaceOrientationPortrait UIInterfaceOrientationLandscapeLeft UIInterfaceOrientationLandscapeRight";
				LD_RUNPATH_SEARCH_PATHS = (
					"$(inherited)",
					"@executable_path/Frameworks",
				);
				MARKETING_VERSION = 1.0;
				PRODUCT_BUNDLE_IDENTIFIER = "com.androsenkoartem.TODOArt-CoreData";
				PRODUCT_NAME = "$(TARGET_NAME)";
				SWIFT_EMIT_LOC_STRINGS = YES;
				SWIFT_VERSION = 5.0;
				TARGETED_DEVICE_FAMILY = 1;
			};
			name = Release;
		};
/* End XCBuildConfiguration section */

/* Begin XCConfigurationList section */
		DDFC26F628C68C270018092A /* Build configuration list for PBXProject "TODOArt-CoreData" */ = {
			isa = XCConfigurationList;
			buildConfigurations = (
				DDFC271028C68C2B0018092A /* Debug */,
				DDFC271128C68C2B0018092A /* Release */,
			);
			defaultConfigurationIsVisible = 0;
			defaultConfigurationName = Release;
		};
		DDFC271228C68C2B0018092A /* Build configuration list for PBXNativeTarget "TODOArt-CoreData" */ = {
			isa = XCConfigurationList;
			buildConfigurations = (
				DDFC271328C68C2B0018092A /* Debug */,
				DDFC271428C68C2B0018092A /* Release */,
			);
			defaultConfigurationIsVisible = 0;
			defaultConfigurationName = Release;
		};
/* End XCConfigurationList section */

/* Begin XCVersionGroup section */
		DD84001228C690320023C9E7 /* DataModel.xcdatamodeld */ = {
			isa = XCVersionGroup;
			children = (
				DD84001328C690320023C9E7 /* DataModel.xcdatamodel */,
			);
			currentVersion = DD84001328C690320023C9E7 /* DataModel.xcdatamodel */;
			path = DataModel.xcdatamodeld;
			sourceTree = "<group>";
			versionGroupType = wrapper.xcdatamodel;
		};
		DDFC270728C68C270018092A /* TODOArt_CoreData.xcdatamodeld */ = {
			isa = XCVersionGroup;
			children = (
				DDFC270828C68C270018092A /* TODOArt_CoreData.xcdatamodel */,
			);
			currentVersion = DDFC270828C68C270018092A /* TODOArt_CoreData.xcdatamodel */;
			path = TODOArt_CoreData.xcdatamodeld;
			sourceTree = "<group>";
			versionGroupType = wrapper.xcdatamodel;
		};
/* End XCVersionGroup section */
	};
	rootObject = DDFC26F328C68C270018092A /* Project object */;
}
